
Microsoft Visual Studio Solution File, Format Version 12.00
# Visual Studio Version 17
VisualStudioVersion = 17.3.32819.101
MinimumVisualStudioVersion = 10.0.40219.1
Project("{FAE04EC0-301F-11D3-BF4B-00C04F79EFBC}") = "DoctorAnyStyle", "DoctorAnyStyle\DoctorAnyStyle.csproj", "{4B81ECD5-4AE1-4AE6-B7F5-C1C0CED63812}"
EndProject
Global
	GlobalSection(SolutionConfigurationPlatforms) = preSolution
		Debug|Any CPU = Debug|Any CPU
		Release|Any CPU = Release|Any CPU
	EndGlobalSection
	GlobalSection(ProjectConfigurationPlatforms) = postSolution
		{4B81ECD5-4AE1-4AE6-B7F5-C1C0CED63812}.Debug|Any CPU.ActiveCfg = Debug|Any CPU
		{4B81ECD5-4AE1-4AE6-B7F5-C1C0CED63812}.Debug|Any CPU.Build.0 = Debug|Any CPU
		{4B81ECD5-4AE1-4AE6-B7F5-C1C0CED63812}.Release|Any CPU.ActiveCfg = Release|Any CPU
		{4B81ECD5-4AE1-4AE6-B7F5-C1C0CED63812}.Release|Any CPU.Build.0 = Release|Any CPU
	EndGlobalSection
	GlobalSection(SolutionProperties) = preSolution
		HideSolutionNode = FALSE
	EndGlobalSection
	GlobalSection(ExtensibilityGlobals) = postSolution
		SolutionGuid = {89CA1C7E-8A0E-4ECF-AA6A-D6E0D92300F6}
	EndGlobalSection
EndGlobal
