
Microsoft Visual Studio Solution File, Format Version 12.00
# Visual Studio Version 17
VisualStudioVersion = 17.1.32328.378
MinimumVisualStudioVersion = 10.0.40219.1
Project("{FAE04EC0-301F-11D3-BF4B-00C04F79EFBC}") = "Easter_Vacations", "Easter_Vacations\Easter_Vacations.csproj", "{50430396-1DCB-43B6-AF97-4D03F2840CD9}"
EndProject
Global
	GlobalSection(SolutionConfigurationPlatforms) = preSolution
		Debug|Any CPU = Debug|Any CPU
		Release|Any CPU = Release|Any CPU
	EndGlobalSection
	GlobalSection(ProjectConfigurationPlatforms) = postSolution
		{50430396-1DCB-43B6-AF97-4D03F2840CD9}.Debug|Any CPU.ActiveCfg = Debug|Any CPU
		{50430396-1DCB-43B6-AF97-4D03F2840CD9}.Debug|Any CPU.Build.0 = Debug|Any CPU
		{50430396-1DCB-43B6-AF97-4D03F2840CD9}.Release|Any CPU.ActiveCfg = Release|Any CPU
		{50430396-1DCB-43B6-AF97-4D03F2840CD9}.Release|Any CPU.Build.0 = Release|Any CPU
	EndGlobalSection
	GlobalSection(SolutionProperties) = preSolution
		HideSolutionNode = FALSE
	EndGlobalSection
	GlobalSection(ExtensibilityGlobals) = postSolution
		SolutionGuid = {7734B906-F1B0-4948-BB37-2871AEEA3CC8}
	EndGlobalSection
EndGlobal
