
Microsoft Visual Studio Solution File, Format Version 12.00
# Visual Studio Version 17
VisualStudioVersion = 17.1.32328.378
MinimumVisualStudioVersion = 10.0.40219.1
Project("{FAE04EC0-301F-11D3-BF4B-00C04F79EFBC}") = "WindowsFormsApp5", "WindowsFormsApp5\WindowsFormsApp5.csproj", "{577183D9-7C4E-4E05-A2B8-0883E1D1E880}"
EndProject
Global
	GlobalSection(SolutionConfigurationPlatforms) = preSolution
		Debug|Any CPU = Debug|Any CPU
		Release|Any CPU = Release|Any CPU
	EndGlobalSection
	GlobalSection(ProjectConfigurationPlatforms) = postSolution
		{577183D9-7C4E-4E05-A2B8-0883E1D1E880}.Debug|Any CPU.ActiveCfg = Debug|Any CPU
		{577183D9-7C4E-4E05-A2B8-0883E1D1E880}.Debug|Any CPU.Build.0 = Debug|Any CPU
		{577183D9-7C4E-4E05-A2B8-0883E1D1E880}.Release|Any CPU.ActiveCfg = Release|Any CPU
		{577183D9-7C4E-4E05-A2B8-0883E1D1E880}.Release|Any CPU.Build.0 = Release|Any CPU
	EndGlobalSection
	GlobalSection(SolutionProperties) = preSolution
		HideSolutionNode = FALSE
	EndGlobalSection
	GlobalSection(ExtensibilityGlobals) = postSolution
		SolutionGuid = {09485099-342C-4B40-9935-996F54538A9F}
	EndGlobalSection
EndGlobal
