
Microsoft Visual Studio Solution File, Format Version 12.00
# Visual Studio Version 17
VisualStudioVersion = 17.3.32819.101
MinimumVisualStudioVersion = 10.0.40219.1
Project("{FAE04EC0-301F-11D3-BF4B-00C04F79EFBC}") = "SMART_HELPER_MPPL21079", "SMART_HELPER_MPPL21079\SMART_HELPER_MPPL21079.csproj", "{0D6D3FE5-4E6A-45E9-A13D-EB7B987BB779}"
EndProject
Global
	GlobalSection(SolutionConfigurationPlatforms) = preSolution
		Debug|Any CPU = Debug|Any CPU
		Release|Any CPU = Release|Any CPU
	EndGlobalSection
	GlobalSection(ProjectConfigurationPlatforms) = postSolution
		{0D6D3FE5-4E6A-45E9-A13D-EB7B987BB779}.Debug|Any CPU.ActiveCfg = Debug|Any CPU
		{0D6D3FE5-4E6A-45E9-A13D-EB7B987BB779}.Debug|Any CPU.Build.0 = Debug|Any CPU
		{0D6D3FE5-4E6A-45E9-A13D-EB7B987BB779}.Release|Any CPU.ActiveCfg = Release|Any CPU
		{0D6D3FE5-4E6A-45E9-A13D-EB7B987BB779}.Release|Any CPU.Build.0 = Release|Any CPU
	EndGlobalSection
	GlobalSection(SolutionProperties) = preSolution
		HideSolutionNode = FALSE
	EndGlobalSection
	GlobalSection(ExtensibilityGlobals) = postSolution
		SolutionGuid = {4D185168-9A6A-4792-9621-C68A913C13BB}
	EndGlobalSection
EndGlobal
